
Microsoft Visual Studio Solution File, Format Version 12.00
# Visual Studio Version 17
VisualStudioVersion = 17.2.32516.85
MinimumVisualStudioVersion = 10.0.40219.1
Project("{FAE04EC0-301F-11D3-BF4B-00C04F79EFBC}") = "person-crud", "person-crud\person-crud.csproj", "{8B61D268-C7D9-471B-8C05-D97F41505ED1}"
EndProject
Global
	GlobalSection(SolutionConfigurationPlatforms) = preSolution
		Debug|Any CPU = Debug|Any CPU
		Release|Any CPU = Release|Any CPU
	EndGlobalSection
	GlobalSection(ProjectConfigurationPlatforms) = postSolution
		{8B61D268-C7D9-471B-8C05-D97F41505ED1}.Debug|Any CPU.ActiveCfg = Debug|Any CPU
		{8B61D268-C7D9-471B-8C05-D97F41505ED1}.Debug|Any CPU.Build.0 = Debug|Any CPU
		{8B61D268-C7D9-471B-8C05-D97F41505ED1}.Release|Any CPU.ActiveCfg = Release|Any CPU
		{8B61D268-C7D9-471B-8C05-D97F41505ED1}.Release|Any CPU.Build.0 = Release|Any CPU
	EndGlobalSection
	GlobalSection(SolutionProperties) = preSolution
		HideSolutionNode = FALSE
	EndGlobalSection
	GlobalSection(ExtensibilityGlobals) = postSolution
		SolutionGuid = {DC2700CC-704D-4B4D-8B11-E804EF0C25C0}
	EndGlobalSection
EndGlobal
